// !$*UTF8*$!
{
	archiveVersion = 1;
	classes = {
	};
	objectVersion = 48;
	objects = {

/* Begin PBXBuildFile section */
		3440838220E1C6C900B83090 /* AppDelegate.swift in Sources */ = {isa = PBXBuildFile; fileRef = 3440838120E1C6C900B83090 /* AppDelegate.swift */; };
		3440838420E1C6C900B83090 /* ViewController.swift in Sources */ = {isa = PBXBuildFile; fileRef = 3440838320E1C6C900B83090 /* ViewController.swift */; };
		3440838720E1C6C900B83090 /* Main.storyboard in Resources */ = {isa = PBXBuildFile; fileRef = 3440838520E1C6C900B83090 /* Main.storyboard */; };
		3440838920E1C6C900B83090 /* Assets.xcassets in Resources */ = {isa = PBXBuildFile; fileRef = 3440838820E1C6C900B83090 /* Assets.xcassets */; };
		3440838C20E1C6C900B83090 /* LaunchScreen.storyboard in Resources */ = {isa = PBXBuildFile; fileRef = 3440838A20E1C6C900B83090 /* LaunchScreen.storyboard */; };
		3440839520E1D0AE00B83090 /* ZipCodeTextFieldDelegate.swift in Sources */ = {isa = PBXBuildFile; fileRef = 3440839420E1D0AE00B83090 /* ZipCodeTextFieldDelegate.swift */; };
/* End PBXBuildFile section */

/* Begin PBXFileReference section */
		3440837E20E1C6C900B83090 /* challegeApp.app */ = {isa = PBXFileReference; explicitFileType = wrapper.application; includeInIndex = 0; path = challegeApp.app; sourceTree = BUILT_PRODUCTS_DIR; };
		3440838120E1C6C900B83090 /* AppDelegate.swift */ = {isa = PBXFileReference; lastKnownFileType = sourcecode.swift; path = AppDelegate.swift; sourceTree = "<group>"; };
		3440838320E1C6C900B83090 /* ViewController.swift */ = {isa = PBXFileReference; lastKnownFileType = sourcecode.swift; path = ViewController.swift; sourceTree = "<group>"; };
		3440838620E1C6C900B83090 /* Base */ = {isa = PBXFileReference; lastKnownFileType = file.storyboard; name = Base; path = Base.lproj/Main.storyboard; sourceTree = "<group>"; };
		3440838820E1C6C900B83090 /* Assets.xcassets */ = {isa = PBXFileReference; lastKnownFileType = folder.assetcatalog; path = Assets.xcassets; sourceTree = "<group>"; };
		3440838B20E1C6C900B83090 /* Base */ = {isa = PBXFileReference; lastKnownFileType = file.storyboard; name = Base; path = Base.lproj/LaunchScreen.storyboard; sourceTree = "<group>"; };
		3440838D20E1C6C900B83090 /* Info.plist */ = {isa = PBXFileReference; lastKnownFileType = text.plist.xml; path = Info.plist; sourceTree = "<group>"; };
		3440839420E1D0AE00B83090 /* ZipCodeTextFieldDelegate.swift */ = {isa = PBXFileReference; lastKnownFileType = sourcecode.swift; path = ZipCodeTextFieldDelegate.swift; sourceTree = "<group>"; };
/* End PBXFileReference section */

/* Begin PBXFrameworksBuildPhase section */
		3440837B20E1C6C900B83090 /* Frameworks */ = {
			isa = PBXFrameworksBuildPhase;
			buildActionMask = 2147483647;
			files = (
			);
			runOnlyForDeploymentPostprocessing = 0;
		};
/* End PBXFrameworksBuildPhase section */

/* Begin PBXGroup section */
		3440837520E1C6C900B83090 = {
			isa = PBXGroup;
			children = (
				3440838020E1C6C900B83090 /* ChallegeApp */,
				3440837F20E1C6C900B83090 /* Products */,
			);
			sourceTree = "<group>";
		};
		3440837F20E1C6C900B83090 /* Products */ = {
			isa = PBXGroup;
			children = (
				3440837E20E1C6C900B83090 /* challegeApp.app */,
			);
			name = Products;
			sourceTree = "<group>";
		};
		3440838020E1C6C900B83090 /* ChallegeApp */ = {
			isa = PBXGroup;
			children = (
				34B83A6F20E44C7400898880 /* View Controllers */,
				3440839320E1CD3A00B83090 /* App Delegates */,
				34B83A7020E44E5000898880 /* Storyboard */,
				34B83A7120E44E6C00898880 /* Resources */,
				34636A9720E456EF00475AEA /* Supporting Files */,
			);
			path = ChallegeApp;
			sourceTree = "<group>";
		};
		3440839320E1CD3A00B83090 /* App Delegates */ = {
			isa = PBXGroup;
			children = (
				34B83A7620E44F6100898880 /* App Delegate */,
				34B83A7320E44ED000898880 /* Text Field Delegates */,
			);
			path = "App Delegates";
			sourceTree = "<group>";
		};
		34636A9720E456EF00475AEA /* Supporting Files */ = {
			isa = PBXGroup;
			children = (
				3440838D20E1C6C900B83090 /* Info.plist */,
			);
			name = "Supporting Files";
			sourceTree = "<group>";
		};
		34B83A6F20E44C7400898880 /* View Controllers */ = {
			isa = PBXGroup;
			children = (
				34B83A7520E44F2100898880 /* Root View Controller */,
			);
			path = "View Controllers";
			sourceTree = "<group>";
		};
		34B83A7020E44E5000898880 /* Storyboard */ = {
			isa = PBXGroup;
			children = (
				34B83A7420E44F0100898880 /* Launch Screen */,
				3440838520E1C6C900B83090 /* Main.storyboard */,
			);
			path = Storyboard;
			sourceTree = "<group>";
		};
		34B83A7120E44E6C00898880 /* Resources */ = {
			isa = PBXGroup;
			children = (
				3440838820E1C6C900B83090 /* Assets.xcassets */,
			);
			path = Resources;
			sourceTree = "<group>";
		};
		34B83A7320E44ED000898880 /* Text Field Delegates */ = {
			isa = PBXGroup;
			children = (
				3440839420E1D0AE00B83090 /* ZipCodeTextFieldDelegate.swift */,
			);
			path = "Text Field Delegates";
			sourceTree = "<group>";
		};
		34B83A7420E44F0100898880 /* Launch Screen */ = {
			isa = PBXGroup;
			children = (
				3440838A20E1C6C900B83090 /* LaunchScreen.storyboard */,
			);
			path = "Launch Screen";
			sourceTree = "<group>";
		};
		34B83A7520E44F2100898880 /* Root View Controller */ = {
			isa = PBXGroup;
			children = (
				3440838320E1C6C900B83090 /* ViewController.swift */,
			);
			path = "Root View Controller";
			sourceTree = "<group>";
		};
		34B83A7620E44F6100898880 /* App Delegate */ = {
			isa = PBXGroup;
			children = (
				3440838120E1C6C900B83090 /* AppDelegate.swift */,
			);
			path = "App Delegate";
			sourceTree = "<group>";
		};
/* End PBXGroup section */

/* Begin PBXNativeTarget section */
		3440837D20E1C6C900B83090 /* challegeApp */ = {
			isa = PBXNativeTarget;
			buildConfigurationList = 3440839020E1C6C900B83090 /* Build configuration list for PBXNativeTarget "challegeApp" */;
			buildPhases = (
				3440837A20E1C6C900B83090 /* Sources */,
				3440837B20E1C6C900B83090 /* Frameworks */,
				3440837C20E1C6C900B83090 /* Resources */,
			);
			buildRules = (
			);
			dependencies = (
			);
			name = challegeApp;
			productName = challegeApp;
			productReference = 3440837E20E1C6C900B83090 /* challegeApp.app */;
			productType = "com.apple.product-type.application";
		};
/* End PBXNativeTarget section */

/* Begin PBXProject section */
		3440837620E1C6C900B83090 /* Project object */ = {
			isa = PBXProject;
			attributes = {
				LastSwiftUpdateCheck = 0920;
				LastUpgradeCheck = 0920;
				ORGANIZATIONNAME = "BVGABOO CREATIVITY";
				TargetAttributes = {
					3440837D20E1C6C900B83090 = {
						CreatedOnToolsVersion = 9.2;
						ProvisioningStyle = Automatic;
					};
				};
			};
			buildConfigurationList = 3440837920E1C6C900B83090 /* Build configuration list for PBXProject "challegeApp" */;
			compatibilityVersion = "Xcode 8.0";
			developmentRegion = en;
			hasScannedForEncodings = 0;
			knownRegions = (
				en,
				Base,
			);
			mainGroup = 3440837520E1C6C900B83090;
			productRefGroup = 3440837F20E1C6C900B83090 /* Products */;
			projectDirPath = "";
			projectRoot = "";
			targets = (
				3440837D20E1C6C900B83090 /* challegeApp */,
			);
		};
/* End PBXProject section */

/* Begin PBXResourcesBuildPhase section */
		3440837C20E1C6C900B83090 /* Resources */ = {
			isa = PBXResourcesBuildPhase;
			buildActionMask = 2147483647;
			files = (
				3440838C20E1C6C900B83090 /* LaunchScreen.storyboard in Resources */,
				3440838920E1C6C900B83090 /* Assets.xcassets in Resources */,
				3440838720E1C6C900B83090 /* Main.storyboard in Resources */,
			);
			runOnlyForDeploymentPostprocessing = 0;
		};
/* End PBXResourcesBuildPhase section */

/* Begin PBXSourcesBuildPhase section */
		3440837A20E1C6C900B83090 /* Sources */ = {
			isa = PBXSourcesBuildPhase;
			buildActionMask = 2147483647;
			files = (
				3440838420E1C6C900B83090 /* ViewController.swift in Sources */,
				3440839520E1D0AE00B83090 /* ZipCodeTextFieldDelegate.swift in Sources */,
				3440838220E1C6C900B83090 /* AppDelegate.swift in Sources */,
			);
			runOnlyForDeploymentPostprocessing = 0;
		};
/* End PBXSourcesBuildPhase section */

/* Begin PBXVariantGroup section */
		3440838520E1C6C900B83090 /* Main.storyboard */ = {
			isa = PBXVariantGroup;
			children = (
				3440838620E1C6C900B83090 /* Base */,
			);
			name = Main.storyboard;
			sourceTree = "<group>";
		};
		3440838A20E1C6C900B83090 /* LaunchScreen.storyboard */ = {
			isa = PBXVariantGroup;
			children = (
				3440838B20E1C6C900B83090 /* Base */,
			);
			name = LaunchScreen.storyboard;
			sourceTree = "<group>";
		};
/* End PBXVariantGroup section */

/* Begin XCBuildConfiguration section */
		3440838E20E1C6C900B83090 /* Debug */ = {
			isa = XCBuildConfiguration;
			buildSettings = {
				ALWAYS_SEARCH_USER_PATHS = NO;
				CLANG_ANALYZER_NONNULL = YES;
				CLANG_ANALYZER_NUMBER_OBJECT_CONVERSION = YES_AGGRESSIVE;
				CLANG_CXX_LANGUAGE_STANDARD = "gnu++14";
				CLANG_CXX_LIBRARY = "libc++";
				CLANG_ENABLE_MODULES = YES;
				CLANG_ENABLE_OBJC_ARC = YES;
				CLANG_WARN_BLOCK_CAPTURE_AUTORELEASING = YES;
				CLANG_WARN_BOOL_CONVERSION = YES;
				CLANG_WARN_COMMA = YES;
				CLANG_WARN_CONSTANT_CONVERSION = YES;
				CLANG_WARN_DIRECT_OBJC_ISA_USAGE = YES_ERROR;
				CLANG_WARN_DOCUMENTATION_COMMENTS = YES;
				CLANG_WARN_EMPTY_BODY = YES;
				CLANG_WARN_ENUM_CONVERSION = YES;
				CLANG_WARN_INFINITE_RECURSION = YES;
				CLANG_WARN_INT_CONVERSION = YES;
				CLANG_WARN_NON_LITERAL_NULL_CONVERSION = YES;
				CLANG_WARN_OBJC_LITERAL_CONVERSION = YES;
				CLANG_WARN_OBJC_ROOT_CLASS = YES_ERROR;
				CLANG_WARN_RANGE_LOOP_ANALYSIS = YES;
				CLANG_WARN_STRICT_PROTOTYPES = YES;
				CLANG_WARN_SUSPICIOUS_MOVE = YES;
				CLANG_WARN_UNGUARDED_AVAILABILITY = YES_AGGRESSIVE;
				CLANG_WARN_UNREACHABLE_CODE = YES;
				CLANG_WARN__DUPLICATE_METHOD_MATCH = YES;
				CODE_SIGN_IDENTITY = "iPhone Developer";
				COPY_PHASE_STRIP = NO;
				DEBUG_INFORMATION_FORMAT = dwarf;
				ENABLE_STRICT_OBJC_MSGSEND = YES;
				ENABLE_TESTABILITY = YES;
				GCC_C_LANGUAGE_STANDARD = gnu11;
				GCC_DYNAMIC_NO_PIC = NO;
				GCC_NO_COMMON_BLOCKS = YES;
				GCC_OPTIMIZATION_LEVEL = 0;
				GCC_PREPROCESSOR_DEFINITIONS = (
					"DEBUG=1",
					"$(inherited)",
				);
				GCC_WARN_64_TO_32_BIT_CONVERSION = YES;
				GCC_WARN_ABOUT_RETURN_TYPE = YES_ERROR;
				GCC_WARN_UNDECLARED_SELECTOR = YES;
				GCC_WARN_UNINITIALIZED_AUTOS = YES_AGGRESSIVE;
				GCC_WARN_UNUSED_FUNCTION = YES;
				GCC_WARN_UNUSED_VARIABLE = YES;
				IPHONEOS_DEPLOYMENT_TARGET = 11.2;
				MTL_ENABLE_DEBUG_INFO = YES;
				ONLY_ACTIVE_ARCH = YES;
				SDKROOT = iphoneos;
				SWIFT_ACTIVE_COMPILATION_CONDITIONS = DEBUG;
				SWIFT_OPTIMIZATION_LEVEL = "-Onone";
			};
			name = Debug;
		};
		3440838F20E1C6C900B83090 /* Release */ = {
			isa = XCBuildConfiguration;
			buildSettings = {
				ALWAYS_SEARCH_USER_PATHS = NO;
				CLANG_ANALYZER_NONNULL = YES;
				CLANG_ANALYZER_NUMBER_OBJECT_CONVERSION = YES_AGGRESSIVE;
				CLANG_CXX_LANGUAGE_STANDARD = "gnu++14";
				CLANG_CXX_LIBRARY = "libc++";
				CLANG_ENABLE_MODULES = YES;
				CLANG_ENABLE_OBJC_ARC = YES;
				CLANG_WARN_BLOCK_CAPTURE_AUTORELEASING = YES;
				CLANG_WARN_BOOL_CONVERSION = YES;
				CLANG_WARN_COMMA = YES;
				CLANG_WARN_CONSTANT_CONVERSION = YES;
				CLANG_WARN_DIRECT_OBJC_ISA_USAGE = YES_ERROR;
				CLANG_WARN_DOCUMENTATION_COMMENTS = YES;
				CLANG_WARN_EMPTY_BODY = YES;
				CLANG_WARN_ENUM_CONVERSION = YES;
				CLANG_WARN_INFINITE_RECURSION = YES;
				CLANG_WARN_INT_CONVERSION = YES;
				CLANG_WARN_NON_LITERAL_NULL_CONVERSION = YES;
				CLANG_WARN_OBJC_LITERAL_CONVERSION = YES;
				CLANG_WARN_OBJC_ROOT_CLASS = YES_ERROR;
				CLANG_WARN_RANGE_LOOP_ANALYSIS = YES;
				CLANG_WARN_STRICT_PROTOTYPES = YES;
				CLANG_WARN_SUSPICIOUS_MOVE = YES;
				CLANG_WARN_UNGUARDED_AVAILABILITY = YES_AGGRESSIVE;
				CLANG_WARN_UNREACHABLE_CODE = YES;
				CLANG_WARN__DUPLICATE_METHOD_MATCH = YES;
				CODE_SIGN_IDENTITY = "iPhone Developer";
				COPY_PHASE_STRIP = NO;
				DEBUG_INFORMATION_FORMAT = "dwarf-with-dsym";
				ENABLE_NS_ASSERTIONS = NO;
				ENABLE_STRICT_OBJC_MSGSEND = YES;
				GCC_C_LANGUAGE_STANDARD = gnu11;
				GCC_NO_COMMON_BLOCKS = YES;
				GCC_WARN_64_TO_32_BIT_CONVERSION = YES;
				GCC_WARN_ABOUT_RETURN_TYPE = YES_ERROR;
				GCC_WARN_UNDECLARED_SELECTOR = YES;
				GCC_WARN_UNINITIALIZED_AUTOS = YES_AGGRESSIVE;
				GCC_WARN_UNUSED_FUNCTION = YES;
				GCC_WARN_UNUSED_VARIABLE = YES;
				IPHONEOS_DEPLOYMENT_TARGET = 11.2;
				MTL_ENABLE_DEBUG_INFO = NO;
				SDKROOT = iphoneos;
				SWIFT_OPTIMIZATION_LEVEL = "-Owholemodule";
				VALIDATE_PRODUCT = YES;
			};
			name = Release;
		};
		3440839120E1C6C900B83090 /* Debug */ = {
			isa = XCBuildConfiguration;
			buildSettings = {
				ASSETCATALOG_COMPILER_APPICON_NAME = AppIcon;
				CODE_SIGN_STYLE = Automatic;
				INFOPLIST_FILE = challegeApp/Info.plist;
				LD_RUNPATH_SEARCH_PATHS = "$(inherited) @executable_path/Frameworks";
				PRODUCT_BUNDLE_IDENTIFIER = bvgabooapps.challegeApp;
				PRODUCT_NAME = "$(TARGET_NAME)";
				SWIFT_VERSION = 4.0;
				TARGETED_DEVICE_FAMILY = "1,2";
			};
			name = Debug;
		};
		3440839220E1C6C900B83090 /* Release */ = {
			isa = XCBuildConfiguration;
			buildSettings = {
				ASSETCATALOG_COMPILER_APPICON_NAME = AppIcon;
				CODE_SIGN_STYLE = Automatic;
				INFOPLIST_FILE = challegeApp/Info.plist;
				LD_RUNPATH_SEARCH_PATHS = "$(inherited) @executable_path/Frameworks";
				PRODUCT_BUNDLE_IDENTIFIER = bvgabooapps.challegeApp;
				PRODUCT_NAME = "$(TARGET_NAME)";
				SWIFT_VERSION = 4.0;
				TARGETED_DEVICE_FAMILY = "1,2";
			};
			name = Release;
		};
/* End XCBuildConfiguration section */

/* Begin XCConfigurationList section */
		3440837920E1C6C900B83090 /* Build configuration list for PBXProject "challegeApp" */ = {
			isa = XCConfigurationList;
			buildConfigurations = (
				3440838E20E1C6C900B83090 /* Debug */,
				3440838F20E1C6C900B83090 /* Release */,
			);
			defaultConfigurationIsVisible = 0;
			defaultConfigurationName = Release;
		};
		3440839020E1C6C900B83090 /* Build configuration list for PBXNativeTarget "challegeApp" */ = {
			isa = XCConfigurationList;
			buildConfigurations = (
				3440839120E1C6C900B83090 /* Debug */,
				3440839220E1C6C900B83090 /* Release */,
			);
			defaultConfigurationIsVisible = 0;
			defaultConfigurationName = Release;
		};
/* End XCConfigurationList section */
	};
	rootObject = 3440837620E1C6C900B83090 /* Project object */;
}
